// !$*UTF8*$!
{
	archiveVersion = 1;
	classes = {
	};
	objectVersion = 50;
	objects = {

/* Begin PBXBuildFile section */
		4282CB0E2193C72200A89FAD /* AddThoughtVC.swift in Sources */ = {isa = PBXBuildFile; fileRef = 4282CB0D2193C72200A89FAD /* AddThoughtVC.swift */; };
		4282CB132193D3C800A89FAD /* Constants.swift in Sources */ = {isa = PBXBuildFile; fileRef = 4282CB122193D3C800A89FAD /* Constants.swift */; };
		428DB47921936D19009E72B5 /* AppDelegate.swift in Sources */ = {isa = PBXBuildFile; fileRef = 428DB47821936D19009E72B5 /* AppDelegate.swift */; };
		428DB47B21936D19009E72B5 /* MainVC.swift in Sources */ = {isa = PBXBuildFile; fileRef = 428DB47A21936D19009E72B5 /* MainVC.swift */; };
		428DB47E21936D1A009E72B5 /* Main.storyboard in Resources */ = {isa = PBXBuildFile; fileRef = 428DB47C21936D1A009E72B5 /* Main.storyboard */; };
		428DB48021936D1B009E72B5 /* Assets.xcassets in Resources */ = {isa = PBXBuildFile; fileRef = 428DB47F21936D1B009E72B5 /* Assets.xcassets */; };
		428DB48321936D1B009E72B5 /* LaunchScreen.storyboard in Resources */ = {isa = PBXBuildFile; fileRef = 428DB48121936D1B009E72B5 /* LaunchScreen.storyboard */; };
		428DB48B21936E94009E72B5 /* GoogleService-Info.plist in Resources */ = {isa = PBXBuildFile; fileRef = 428DB48A21936E93009E72B5 /* GoogleService-Info.plist */; };
		FAD95D939D8AF07607654BB4 /* Pods_Fekra.framework in Frameworks */ = {isa = PBXBuildFile; fileRef = E9BF693E87566211C7FC581A /* Pods_Fekra.framework */; };
/* End PBXBuildFile section */

/* Begin PBXFileReference section */
		4282CB0D2193C72200A89FAD /* AddThoughtVC.swift */ = {isa = PBXFileReference; lastKnownFileType = sourcecode.swift; path = AddThoughtVC.swift; sourceTree = "<group>"; };
		4282CB122193D3C800A89FAD /* Constants.swift */ = {isa = PBXFileReference; lastKnownFileType = sourcecode.swift; path = Constants.swift; sourceTree = "<group>"; };
		428DB47521936D19009E72B5 /* Fekra.app */ = {isa = PBXFileReference; explicitFileType = wrapper.application; includeInIndex = 0; path = Fekra.app; sourceTree = BUILT_PRODUCTS_DIR; };
		428DB47821936D19009E72B5 /* AppDelegate.swift */ = {isa = PBXFileReference; lastKnownFileType = sourcecode.swift; path = AppDelegate.swift; sourceTree = "<group>"; };
		428DB47A21936D19009E72B5 /* MainVC.swift */ = {isa = PBXFileReference; lastKnownFileType = sourcecode.swift; path = MainVC.swift; sourceTree = "<group>"; };
		428DB47D21936D1A009E72B5 /* Base */ = {isa = PBXFileReference; lastKnownFileType = file.storyboard; name = Base; path = Base.lproj/Main.storyboard; sourceTree = "<group>"; };
		428DB47F21936D1B009E72B5 /* Assets.xcassets */ = {isa = PBXFileReference; lastKnownFileType = folder.assetcatalog; path = Assets.xcassets; sourceTree = "<group>"; };
		428DB48221936D1B009E72B5 /* Base */ = {isa = PBXFileReference; lastKnownFileType = file.storyboard; name = Base; path = Base.lproj/LaunchScreen.storyboard; sourceTree = "<group>"; };
		428DB48421936D1B009E72B5 /* Info.plist */ = {isa = PBXFileReference; lastKnownFileType = text.plist.xml; path = Info.plist; sourceTree = "<group>"; };
		428DB48A21936E93009E72B5 /* GoogleService-Info.plist */ = {isa = PBXFileReference; fileEncoding = 4; lastKnownFileType = text.plist.xml; path = "GoogleService-Info.plist"; sourceTree = "<group>"; };
		5A2BD6AE9BF9AF0260680C36 /* Pods-Fekra.debug.xcconfig */ = {isa = PBXFileReference; includeInIndex = 1; lastKnownFileType = text.xcconfig; name = "Pods-Fekra.debug.xcconfig"; path = "Pods/Target Support Files/Pods-Fekra/Pods-Fekra.debug.xcconfig"; sourceTree = "<group>"; };
		E9A9BF58E7ED2C45CC8358E2 /* Pods-Fekra.release.xcconfig */ = {isa = PBXFileReference; includeInIndex = 1; lastKnownFileType = text.xcconfig; name = "Pods-Fekra.release.xcconfig"; path = "Pods/Target Support Files/Pods-Fekra/Pods-Fekra.release.xcconfig"; sourceTree = "<group>"; };
		E9BF693E87566211C7FC581A /* Pods_Fekra.framework */ = {isa = PBXFileReference; explicitFileType = wrapper.framework; includeInIndex = 0; path = Pods_Fekra.framework; sourceTree = BUILT_PRODUCTS_DIR; };
/* End PBXFileReference section */

/* Begin PBXFrameworksBuildPhase section */
		428DB47221936D19009E72B5 /* Frameworks */ = {
			isa = PBXFrameworksBuildPhase;
			buildActionMask = 2147483647;
			files = (
				FAD95D939D8AF07607654BB4 /* Pods_Fekra.framework in Frameworks */,
			);
			runOnlyForDeploymentPostprocessing = 0;
		};
/* End PBXFrameworksBuildPhase section */

/* Begin PBXGroup section */
		4282CB0F2193D3A700A89FAD /* Utilities */ = {
			isa = PBXGroup;
			children = (
				4282CB122193D3C800A89FAD /* Constants.swift */,
			);
			path = Utilities;
			sourceTree = "<group>";
		};
		428DB46C21936D19009E72B5 = {
			isa = PBXGroup;
			children = (
				428DB47721936D19009E72B5 /* Fekra */,
				428DB47621936D19009E72B5 /* Products */,
				9D41B59BC68BE98883A60E7A /* Pods */,
				9C8446091B2CF01ED7F7E099 /* Frameworks */,
			);
			sourceTree = "<group>";
		};
		428DB47621936D19009E72B5 /* Products */ = {
			isa = PBXGroup;
			children = (
				428DB47521936D19009E72B5 /* Fekra.app */,
			);
			name = Products;
			sourceTree = "<group>";
		};
		428DB47721936D19009E72B5 /* Fekra */ = {
			isa = PBXGroup;
			children = (
				4282CB0F2193D3A700A89FAD /* Utilities */,
				428DB47821936D19009E72B5 /* AppDelegate.swift */,
				428DB47A21936D19009E72B5 /* MainVC.swift */,
				428DB47C21936D1A009E72B5 /* Main.storyboard */,
				428DB47F21936D1B009E72B5 /* Assets.xcassets */,
				428DB48121936D1B009E72B5 /* LaunchScreen.storyboard */,
				428DB48A21936E93009E72B5 /* GoogleService-Info.plist */,
				428DB48421936D1B009E72B5 /* Info.plist */,
				4282CB0D2193C72200A89FAD /* AddThoughtVC.swift */,
			);
			path = Fekra;
			sourceTree = "<group>";
		};
		9C8446091B2CF01ED7F7E099 /* Frameworks */ = {
			isa = PBXGroup;
			children = (
				E9BF693E87566211C7FC581A /* Pods_Fekra.framework */,
			);
			name = Frameworks;
			sourceTree = "<group>";
		};
		9D41B59BC68BE98883A60E7A /* Pods */ = {
			isa = PBXGroup;
			children = (
				5A2BD6AE9BF9AF0260680C36 /* Pods-Fekra.debug.xcconfig */,
				E9A9BF58E7ED2C45CC8358E2 /* Pods-Fekra.release.xcconfig */,
			);
			name = Pods;
			sourceTree = "<group>";
		};
/* End PBXGroup section */

/* Begin PBXNativeTarget section */
		428DB47421936D19009E72B5 /* Fekra */ = {
			isa = PBXNativeTarget;
			buildConfigurationList = 428DB48721936D1B009E72B5 /* Build configuration list for PBXNativeTarget "Fekra" */;
			buildPhases = (
				FBB02D97B56B6C170F6182E7 /* [CP] Check Pods Manifest.lock */,
				428DB47121936D19009E72B5 /* Sources */,
				428DB47221936D19009E72B5 /* Frameworks */,
				428DB47321936D19009E72B5 /* Resources */,
				F701F354AA8162FB93B56413 /* [CP] Embed Pods Frameworks */,
			);
			buildRules = (
			);
			dependencies = (
			);
			name = Fekra;
			productName = Fekra;
			productReference = 428DB47521936D19009E72B5 /* Fekra.app */;
			productType = "com.apple.product-type.application";
		};
/* End PBXNativeTarget section */

/* Begin PBXProject section */
		428DB46D21936D19009E72B5 /* Project object */ = {
			isa = PBXProject;
			attributes = {
				LastSwiftUpdateCheck = 1010;
				LastUpgradeCheck = 1010;
				ORGANIZATIONNAME = "Sherif Kamal";
				TargetAttributes = {
					428DB47421936D19009E72B5 = {
						CreatedOnToolsVersion = 10.1;
					};
				};
			};
			buildConfigurationList = 428DB47021936D19009E72B5 /* Build configuration list for PBXProject "Fekra" */;
			compatibilityVersion = "Xcode 9.3";
			developmentRegion = en;
			hasScannedForEncodings = 0;
			knownRegions = (
				en,
				Base,
			);
			mainGroup = 428DB46C21936D19009E72B5;
			productRefGroup = 428DB47621936D19009E72B5 /* Products */;
			projectDirPath = "";
			projectRoot = "";
			targets = (
				428DB47421936D19009E72B5 /* Fekra */,
			);
		};
/* End PBXProject section */

/* Begin PBXResourcesBuildPhase section */
		428DB47321936D19009E72B5 /* Resources */ = {
			isa = PBXResourcesBuildPhase;
			buildActionMask = 2147483647;
			files = (
				428DB48321936D1B009E72B5 /* LaunchScreen.storyboard in Resources */,
				428DB48B21936E94009E72B5 /* GoogleService-Info.plist in Resources */,
				428DB48021936D1B009E72B5 /* Assets.xcassets in Resources */,
				428DB47E21936D1A009E72B5 /* Main.storyboard in Resources */,
			);
			runOnlyForDeploymentPostprocessing = 0;
		};
/* End PBXResourcesBuildPhase section */

/* Begin PBXShellScriptBuildPhase section */
		F701F354AA8162FB93B56413 /* [CP] Embed Pods Frameworks */ = {
			isa = PBXShellScriptBuildPhase;
			buildActionMask = 2147483647;
			files = (
			);
			inputFileListPaths = (
			);
			inputPaths = (
				"${SRCROOT}/Pods/Target Support Files/Pods-Fekra/Pods-Fekra-frameworks.sh",
				"${BUILT_PRODUCTS_DIR}/BoringSSL/openssl.framework",
				"${BUILT_PRODUCTS_DIR}/GoogleUtilities/GoogleUtilities.framework",
				"${BUILT_PRODUCTS_DIR}/Protobuf/Protobuf.framework",
				"${BUILT_PRODUCTS_DIR}/gRPC/GRPCClient.framework",
				"${BUILT_PRODUCTS_DIR}/gRPC-C++/grpcpp.framework",
				"${BUILT_PRODUCTS_DIR}/gRPC-Core/grpc.framework",
				"${BUILT_PRODUCTS_DIR}/gRPC-ProtoRPC/ProtoRPC.framework",
				"${BUILT_PRODUCTS_DIR}/gRPC-RxLibrary/RxLibrary.framework",
				"${BUILT_PRODUCTS_DIR}/leveldb-library/leveldb.framework",
				"${BUILT_PRODUCTS_DIR}/nanopb/nanopb.framework",
			);
			name = "[CP] Embed Pods Frameworks";
			outputFileListPaths = (
			);
			outputPaths = (
				"${TARGET_BUILD_DIR}/${FRAMEWORKS_FOLDER_PATH}/openssl.framework",
				"${TARGET_BUILD_DIR}/${FRAMEWORKS_FOLDER_PATH}/GoogleUtilities.framework",
				"${TARGET_BUILD_DIR}/${FRAMEWORKS_FOLDER_PATH}/Protobuf.framework",
				"${TARGET_BUILD_DIR}/${FRAMEWORKS_FOLDER_PATH}/GRPCClient.framework",
				"${TARGET_BUILD_DIR}/${FRAMEWORKS_FOLDER_PATH}/grpcpp.framework",
				"${TARGET_BUILD_DIR}/${FRAMEWORKS_FOLDER_PATH}/grpc.framework",
				"${TARGET_BUILD_DIR}/${FRAMEWORKS_FOLDER_PATH}/ProtoRPC.framework",
				"${TARGET_BUILD_DIR}/${FRAMEWORKS_FOLDER_PATH}/RxLibrary.framework",
				"${TARGET_BUILD_DIR}/${FRAMEWORKS_FOLDER_PATH}/leveldb.framework",
				"${TARGET_BUILD_DIR}/${FRAMEWORKS_FOLDER_PATH}/nanopb.framework",
			);
			runOnlyForDeploymentPostprocessing = 0;
			shellPath = /bin/sh;
			shellScript = "\"${SRCROOT}/Pods/Target Support Files/Pods-Fekra/Pods-Fekra-frameworks.sh\"\n";
			showEnvVarsInLog = 0;
		};
		FBB02D97B56B6C170F6182E7 /* [CP] Check Pods Manifest.lock */ = {
			isa = PBXShellScriptBuildPhase;
			buildActionMask = 2147483647;
			files = (
			);
			inputFileListPaths = (
			);
			inputPaths = (
				"${PODS_PODFILE_DIR_PATH}/Podfile.lock",
				"${PODS_ROOT}/Manifest.lock",
			);
			name = "[CP] Check Pods Manifest.lock";
			outputFileListPaths = (
			);
			outputPaths = (
				"$(DERIVED_FILE_DIR)/Pods-Fekra-checkManifestLockResult.txt",
			);
			runOnlyForDeploymentPostprocessing = 0;
			shellPath = /bin/sh;
			shellScript = "diff \"${PODS_PODFILE_DIR_PATH}/Podfile.lock\" \"${PODS_ROOT}/Manifest.lock\" > /dev/null\nif [ $? != 0 ] ; then\n    # print error to STDERR\n    echo \"error: The sandbox is not in sync with the Podfile.lock. Run 'pod install' or update your CocoaPods installation.\" >&2\n    exit 1\nfi\n# This output is used by Xcode 'outputs' to avoid re-running this script phase.\necho \"SUCCESS\" > \"${SCRIPT_OUTPUT_FILE_0}\"\n";
			showEnvVarsInLog = 0;
		};
/* End PBXShellScriptBuildPhase section */

/* Begin PBXSourcesBuildPhase section */
		428DB47121936D19009E72B5 /* Sources */ = {
			isa = PBXSourcesBuildPhase;
			buildActionMask = 2147483647;
			files = (
				4282CB0E2193C72200A89FAD /* AddThoughtVC.swift in Sources */,
				428DB47B21936D19009E72B5 /* MainVC.swift in Sources */,
				428DB47921936D19009E72B5 /* AppDelegate.swift in Sources */,
				4282CB132193D3C800A89FAD /* Constants.swift in Sources */,
			);
			runOnlyForDeploymentPostprocessing = 0;
		};
/* End PBXSourcesBuildPhase section */

/* Begin PBXVariantGroup section */
		428DB47C21936D1A009E72B5 /* Main.storyboard */ = {
			isa = PBXVariantGroup;
			children = (
				428DB47D21936D1A009E72B5 /* Base */,
			);
			name = Main.storyboard;
			sourceTree = "<group>";
		};
		428DB48121936D1B009E72B5 /* LaunchScreen.storyboard */ = {
			isa = PBXVariantGroup;
			children = (
				428DB48221936D1B009E72B5 /* Base */,
			);
			name = LaunchScreen.storyboard;
			sourceTree = "<group>";
		};
/* End PBXVariantGroup section */

/* Begin XCBuildConfiguration section */
		428DB48521936D1B009E72B5 /* Debug */ = {
			isa = XCBuildConfiguration;
			buildSettings = {
				ALWAYS_SEARCH_USER_PATHS = NO;
				CLANG_ANALYZER_NONNULL = YES;
				CLANG_ANALYZER_NUMBER_OBJECT_CONVERSION = YES_AGGRESSIVE;
				CLANG_CXX_LANGUAGE_STANDARD = "gnu++14";
				CLANG_CXX_LIBRARY = "libc++";
				CLANG_ENABLE_MODULES = YES;
				CLANG_ENABLE_OBJC_ARC = YES;
				CLANG_ENABLE_OBJC_WEAK = YES;
				CLANG_WARN_BLOCK_CAPTURE_AUTORELEASING = YES;
				CLANG_WARN_BOOL_CONVERSION = YES;
				CLANG_WARN_COMMA = YES;
				CLANG_WARN_CONSTANT_CONVERSION = YES;
				CLANG_WARN_DEPRECATED_OBJC_IMPLEMENTATIONS = YES;
				CLANG_WARN_DIRECT_OBJC_ISA_USAGE = YES_ERROR;
				CLANG_WARN_DOCUMENTATION_COMMENTS = YES;
				CLANG_WARN_EMPTY_BODY = YES;
				CLANG_WARN_ENUM_CONVERSION = YES;
				CLANG_WARN_INFINITE_RECURSION = YES;
				CLANG_WARN_INT_CONVERSION = YES;
				CLANG_WARN_NON_LITERAL_NULL_CONVERSION = YES;
				CLANG_WARN_OBJC_IMPLICIT_RETAIN_SELF = YES;
				CLANG_WARN_OBJC_LITERAL_CONVERSION = YES;
				CLANG_WARN_OBJC_ROOT_CLASS = YES_ERROR;
				CLANG_WARN_RANGE_LOOP_ANALYSIS = YES;
				CLANG_WARN_STRICT_PROTOTYPES = YES;
				CLANG_WARN_SUSPICIOUS_MOVE = YES;
				CLANG_WARN_UNGUARDED_AVAILABILITY = YES_AGGRESSIVE;
				CLANG_WARN_UNREACHABLE_CODE = YES;
				CLANG_WARN__DUPLICATE_METHOD_MATCH = YES;
				CODE_SIGN_IDENTITY = "iPhone Developer";
				COPY_PHASE_STRIP = NO;
				DEBUG_INFORMATION_FORMAT = dwarf;
				ENABLE_STRICT_OBJC_MSGSEND = YES;
				ENABLE_TESTABILITY = YES;
				GCC_C_LANGUAGE_STANDARD = gnu11;
				GCC_DYNAMIC_NO_PIC = NO;
				GCC_NO_COMMON_BLOCKS = YES;
				GCC_OPTIMIZATION_LEVEL = 0;
				GCC_PREPROCESSOR_DEFINITIONS = (
					"DEBUG=1",
					"$(inherited)",
				);
				GCC_WARN_64_TO_32_BIT_CONVERSION = YES;
				GCC_WARN_ABOUT_RETURN_TYPE = YES_ERROR;
				GCC_WARN_UNDECLARED_SELECTOR = YES;
				GCC_WARN_UNINITIALIZED_AUTOS = YES_AGGRESSIVE;
				GCC_WARN_UNUSED_FUNCTION = YES;
				GCC_WARN_UNUSED_VARIABLE = YES;
				IPHONEOS_DEPLOYMENT_TARGET = 12.1;
				MTL_ENABLE_DEBUG_INFO = INCLUDE_SOURCE;
				MTL_FAST_MATH = YES;
				ONLY_ACTIVE_ARCH = YES;
				SDKROOT = iphoneos;
				SWIFT_ACTIVE_COMPILATION_CONDITIONS = DEBUG;
				SWIFT_OPTIMIZATION_LEVEL = "-Onone";
			};
			name = Debug;
		};
		428DB48621936D1B009E72B5 /* Release */ = {
			isa = XCBuildConfiguration;
			buildSettings = {
				ALWAYS_SEARCH_USER_PATHS = NO;
				CLANG_ANALYZER_NONNULL = YES;
				CLANG_ANALYZER_NUMBER_OBJECT_CONVERSION = YES_AGGRESSIVE;
				CLANG_CXX_LANGUAGE_STANDARD = "gnu++14";
				CLANG_CXX_LIBRARY = "libc++";
				CLANG_ENABLE_MODULES = YES;
				CLANG_ENABLE_OBJC_ARC = YES;
				CLANG_ENABLE_OBJC_WEAK = YES;
				CLANG_WARN_BLOCK_CAPTURE_AUTORELEASING = YES;
				CLANG_WARN_BOOL_CONVERSION = YES;
				CLANG_WARN_COMMA = YES;
				CLANG_WARN_CONSTANT_CONVERSION = YES;
				CLANG_WARN_DEPRECATED_OBJC_IMPLEMENTATIONS = YES;
				CLANG_WARN_DIRECT_OBJC_ISA_USAGE = YES_ERROR;
				CLANG_WARN_DOCUMENTATION_COMMENTS = YES;
				CLANG_WARN_EMPTY_BODY = YES;
				CLANG_WARN_ENUM_CONVERSION = YES;
				CLANG_WARN_INFINITE_RECURSION = YES;
				CLANG_WARN_INT_CONVERSION = YES;
				CLANG_WARN_NON_LITERAL_NULL_CONVERSION = YES;
				CLANG_WARN_OBJC_IMPLICIT_RETAIN_SELF = YES;
				CLANG_WARN_OBJC_LITERAL_CONVERSION = YES;
				CLANG_WARN_OBJC_ROOT_CLASS = YES_ERROR;
				CLANG_WARN_RANGE_LOOP_ANALYSIS = YES;
				CLANG_WARN_STRICT_PROTOTYPES = YES;
				CLANG_WARN_SUSPICIOUS_MOVE = YES;
				CLANG_WARN_UNGUARDED_AVAILABILITY = YES_AGGRESSIVE;
				CLANG_WARN_UNREACHABLE_CODE = YES;
				CLANG_WARN__DUPLICATE_METHOD_MATCH = YES;
				CODE_SIGN_IDENTITY = "iPhone Developer";
				COPY_PHASE_STRIP = NO;
				DEBUG_INFORMATION_FORMAT = "dwarf-with-dsym";
				ENABLE_NS_ASSERTIONS = NO;
				ENABLE_STRICT_OBJC_MSGSEND = YES;
				GCC_C_LANGUAGE_STANDARD = gnu11;
				GCC_NO_COMMON_BLOCKS = YES;
				GCC_WARN_64_TO_32_BIT_CONVERSION = YES;
				GCC_WARN_ABOUT_RETURN_TYPE = YES_ERROR;
				GCC_WARN_UNDECLARED_SELECTOR = YES;
				GCC_WARN_UNINITIALIZED_AUTOS = YES_AGGRESSIVE;
				GCC_WARN_UNUSED_FUNCTION = YES;
				GCC_WARN_UNUSED_VARIABLE = YES;
				IPHONEOS_DEPLOYMENT_TARGET = 12.1;
				MTL_ENABLE_DEBUG_INFO = NO;
				MTL_FAST_MATH = YES;
				SDKROOT = iphoneos;
				SWIFT_COMPILATION_MODE = wholemodule;
				SWIFT_OPTIMIZATION_LEVEL = "-O";
				VALIDATE_PRODUCT = YES;
			};
			name = Release;
		};
		428DB48821936D1B009E72B5 /* Debug */ = {
			isa = XCBuildConfiguration;
			baseConfigurationReference = 5A2BD6AE9BF9AF0260680C36 /* Pods-Fekra.debug.xcconfig */;
			buildSettings = {
				ASSETCATALOG_COMPILER_APPICON_NAME = AppIcon;
				CODE_SIGN_STYLE = Automatic;
				DEVELOPMENT_TEAM = S242M8F4J2;
				INFOPLIST_FILE = Fekra/Info.plist;
				LD_RUNPATH_SEARCH_PATHS = (
					"$(inherited)",
					"@executable_path/Frameworks",
				);
				PRODUCT_BUNDLE_IDENTIFIER = com.sherif.Fekra;
				PRODUCT_NAME = "$(TARGET_NAME)";
				SWIFT_VERSION = 4.2;
				TARGETED_DEVICE_FAMILY = "1,2";
			};
			name = Debug;
		};
		428DB48921936D1B009E72B5 /* Release */ = {
			isa = XCBuildConfiguration;
			baseConfigurationReference = E9A9BF58E7ED2C45CC8358E2 /* Pods-Fekra.release.xcconfig */;
			buildSettings = {
				ASSETCATALOG_COMPILER_APPICON_NAME = AppIcon;
				CODE_SIGN_STYLE = Automatic;
				DEVELOPMENT_TEAM = S242M8F4J2;
				INFOPLIST_FILE = Fekra/Info.plist;
				LD_RUNPATH_SEARCH_PATHS = (
					"$(inherited)",
					"@executable_path/Frameworks",
				);
				PRODUCT_BUNDLE_IDENTIFIER = com.sherif.Fekra;
				PRODUCT_NAME = "$(TARGET_NAME)";
				SWIFT_VERSION = 4.2;
				TARGETED_DEVICE_FAMILY = "1,2";
			};
			name = Release;
		};
/* End XCBuildConfiguration section */

/* Begin XCConfigurationList section */
		428DB47021936D19009E72B5 /* Build configuration list for PBXProject "Fekra" */ = {
			isa = XCConfigurationList;
			buildConfigurations = (
				428DB48521936D1B009E72B5 /* Debug */,
				428DB48621936D1B009E72B5 /* Release */,
			);
			defaultConfigurationIsVisible = 0;
			defaultConfigurationName = Release;
		};
		428DB48721936D1B009E72B5 /* Build configuration list for PBXNativeTarget "Fekra" */ = {
			isa = XCConfigurationList;
			buildConfigurations = (
				428DB48821936D1B009E72B5 /* Debug */,
				428DB48921936D1B009E72B5 /* Release */,
			);
			defaultConfigurationIsVisible = 0;
			defaultConfigurationName = Release;
		};
/* End XCConfigurationList section */
	};
	rootObject = 428DB46D21936D19009E72B5 /* Project object */;
}
